
Microsoft Visual Studio Solution File, Format Version 12.00
# Visual Studio Version 17
VisualStudioVersion = 17.0.31903.59
MinimumVisualStudioVersion = 10.0.40219.1
Project("{FAE04EC0-301F-11D3-BF4B-00C04F79EFBC}") = "RealEstateStar.Api", "RealEstateStar.Api\RealEstateStar.Api.csproj", "{B0A384A7-326A-49B7-B0BF-D708CF21BBFC}"
EndProject
Project("{FAE04EC0-301F-11D3-BF4B-00C04F79EFBC}") = "RealEstateStar.Api.Tests", "RealEstateStar.Api.Tests\RealEstateStar.Api.Tests.csproj", "{EB12B5C1-90C5-4CDA-8FB4-3AAD9B8A9934}"
EndProject
Global
	GlobalSection(SolutionConfigurationPlatforms) = preSolution
		Debug|Any CPU = Debug|Any CPU
		Debug|x64 = Debug|x64
		Debug|x86 = Debug|x86
		Release|Any CPU = Release|Any CPU
		Release|x64 = Release|x64
		Release|x86 = Release|x86
	EndGlobalSection
	GlobalSection(ProjectConfigurationPlatforms) = postSolution
		{B0A384A7-326A-49B7-B0BF-D708CF21BBFC}.Debug|Any CPU.ActiveCfg = Debug|Any CPU
		{B0A384A7-326A-49B7-B0BF-D708CF21BBFC}.Debug|Any CPU.Build.0 = Debug|Any CPU
		{B0A384A7-326A-49B7-B0BF-D708CF21BBFC}.Debug|x64.ActiveCfg = Debug|Any CPU
		{B0A384A7-326A-49B7-B0BF-D708CF21BBFC}.Debug|x64.Build.0 = Debug|Any CPU
		{B0A384A7-326A-49B7-B0BF-D708CF21BBFC}.Debug|x86.ActiveCfg = Debug|Any CPU
		{B0A384A7-326A-49B7-B0BF-D708CF21BBFC}.Debug|x86.Build.0 = Debug|Any CPU
		{B0A384A7-326A-49B7-B0BF-D708CF21BBFC}.Release|Any CPU.ActiveCfg = Release|Any CPU
		{B0A384A7-326A-49B7-B0BF-D708CF21BBFC}.Release|Any CPU.Build.0 = Release|Any CPU
		{B0A384A7-326A-49B7-B0BF-D708CF21BBFC}.Release|x64.ActiveCfg = Release|Any CPU
		{B0A384A7-326A-49B7-B0BF-D708CF21BBFC}.Release|x64.Build.0 = Release|Any CPU
		{B0A384A7-326A-49B7-B0BF-D708CF21BBFC}.Release|x86.ActiveCfg = Release|Any CPU
		{B0A384A7-326A-49B7-B0BF-D708CF21BBFC}.Release|x86.Build.0 = Release|Any CPU
		{EB12B5C1-90C5-4CDA-8FB4-3AAD9B8A9934}.Debug|Any CPU.ActiveCfg = Debug|Any CPU
		{EB12B5C1-90C5-4CDA-8FB4-3AAD9B8A9934}.Debug|Any CPU.Build.0 = Debug|Any CPU
		{EB12B5C1-90C5-4CDA-8FB4-3AAD9B8A9934}.Debug|x64.ActiveCfg = Debug|Any CPU
		{EB12B5C1-90C5-4CDA-8FB4-3AAD9B8A9934}.Debug|x64.Build.0 = Debug|Any CPU
		{EB12B5C1-90C5-4CDA-8FB4-3AAD9B8A9934}.Debug|x86.ActiveCfg = Debug|Any CPU
		{EB12B5C1-90C5-4CDA-8FB4-3AAD9B8A9934}.Debug|x86.Build.0 = Debug|Any CPU
		{EB12B5C1-90C5-4CDA-8FB4-3AAD9B8A9934}.Release|Any CPU.ActiveCfg = Release|Any CPU
		{EB12B5C1-90C5-4CDA-8FB4-3AAD9B8A9934}.Release|Any CPU.Build.0 = Release|Any CPU
		{EB12B5C1-90C5-4CDA-8FB4-3AAD9B8A9934}.Release|x64.ActiveCfg = Release|Any CPU
		{EB12B5C1-90C5-4CDA-8FB4-3AAD9B8A9934}.Release|x64.Build.0 = Release|Any CPU
		{EB12B5C1-90C5-4CDA-8FB4-3AAD9B8A9934}.Release|x86.ActiveCfg = Release|Any CPU
		{EB12B5C1-90C5-4CDA-8FB4-3AAD9B8A9934}.Release|x86.Build.0 = Release|Any CPU
	EndGlobalSection
	GlobalSection(SolutionProperties) = preSolution
		HideSolutionNode = FALSE
	EndGlobalSection
EndGlobal
